
Microsoft Visual Studio Solution File, Format Version 12.00
# Visual Studio Version 17
VisualStudioVersion = 17.1.32210.238
MinimumVisualStudioVersion = 10.0.40219.1
Project("{FAE04EC0-301F-11D3-BF4B-00C04F79EFBC}") = "Portfolio", "Portfolio.csproj", "{C0B29511-9B52-4498-8BBD-2476F7868D3D}"
EndProject
Global
	GlobalSection(SolutionConfigurationPlatforms) = preSolution
		Debug|Any CPU = Debug|Any CPU
		Release|Any CPU = Release|Any CPU
	EndGlobalSection
	GlobalSection(ProjectConfigurationPlatforms) = postSolution
		{C0B29511-9B52-4498-8BBD-2476F7868D3D}.Debug|Any CPU.ActiveCfg = Debug|Any CPU
		{C0B29511-9B52-4498-8BBD-2476F7868D3D}.Debug|Any CPU.Build.0 = Debug|Any CPU
		{C0B29511-9B52-4498-8BBD-2476F7868D3D}.Release|Any CPU.ActiveCfg = Release|Any CPU
		{C0B29511-9B52-4498-8BBD-2476F7868D3D}.Release|Any CPU.Build.0 = Release|Any CPU
	EndGlobalSection
	GlobalSection(SolutionProperties) = preSolution
		HideSolutionNode = FALSE
	EndGlobalSection
	GlobalSection(ExtensibilityGlobals) = postSolution
		SolutionGuid = {95FA7999-8D2C-471A-BE93-68AAEAC80C7E}
	EndGlobalSection
EndGlobal
